// !$*UTF8*$!
{
	archiveVersion = 1;
	classes = {
	};
	objectVersion = 56;
	objects = {

/* Begin PBXBuildFile section */
		8FBEE5CA28F0724400601AEB /* AppDelegate.swift in Sources */ = {isa = PBXBuildFile; fileRef = 8FBEE5C928F0724400601AEB /* AppDelegate.swift */; };
		8FBEE5CC28F0724400601AEB /* SceneDelegate.swift in Sources */ = {isa = PBXBuildFile; fileRef = 8FBEE5CB28F0724400601AEB /* SceneDelegate.swift */; };
		8FBEE5CE28F0724400601AEB /* ViewController.swift in Sources */ = {isa = PBXBuildFile; fileRef = 8FBEE5CD28F0724400601AEB /* ViewController.swift */; };
		8FBEE5D128F0724400601AEB /* Main.storyboard in Resources */ = {isa = PBXBuildFile; fileRef = 8FBEE5CF28F0724400601AEB /* Main.storyboard */; };
		8FBEE5D328F0724500601AEB /* Assets.xcassets in Resources */ = {isa = PBXBuildFile; fileRef = 8FBEE5D228F0724500601AEB /* Assets.xcassets */; };
		8FBEE5D628F0724500601AEB /* LaunchScreen.storyboard in Resources */ = {isa = PBXBuildFile; fileRef = 8FBEE5D428F0724500601AEB /* LaunchScreen.storyboard */; };
		8FBEE5E328F0731E00601AEB /* CountryPicker in Frameworks */ = {isa = PBXBuildFile; productRef = 8FBEE5E228F0731E00601AEB /* CountryPicker */; };
/* End PBXBuildFile section */

/* Begin PBXFileReference section */
		8FBEE5C628F0724400601AEB /* Example-iOS.app */ = {isa = PBXFileReference; explicitFileType = wrapper.application; includeInIndex = 0; path = "Example-iOS.app"; sourceTree = BUILT_PRODUCTS_DIR; };
		8FBEE5C928F0724400601AEB /* AppDelegate.swift */ = {isa = PBXFileReference; lastKnownFileType = sourcecode.swift; path = AppDelegate.swift; sourceTree = "<group>"; };
		8FBEE5CB28F0724400601AEB /* SceneDelegate.swift */ = {isa = PBXFileReference; lastKnownFileType = sourcecode.swift; path = SceneDelegate.swift; sourceTree = "<group>"; };
		8FBEE5CD28F0724400601AEB /* ViewController.swift */ = {isa = PBXFileReference; lastKnownFileType = sourcecode.swift; path = ViewController.swift; sourceTree = "<group>"; };
		8FBEE5D028F0724400601AEB /* Base */ = {isa = PBXFileReference; lastKnownFileType = file.storyboard; name = Base; path = Base.lproj/Main.storyboard; sourceTree = "<group>"; };
		8FBEE5D228F0724500601AEB /* Assets.xcassets */ = {isa = PBXFileReference; lastKnownFileType = folder.assetcatalog; path = Assets.xcassets; sourceTree = "<group>"; };
		8FBEE5D528F0724500601AEB /* Base */ = {isa = PBXFileReference; lastKnownFileType = file.storyboard; name = Base; path = Base.lproj/LaunchScreen.storyboard; sourceTree = "<group>"; };
		8FBEE5D728F0724500601AEB /* Info.plist */ = {isa = PBXFileReference; lastKnownFileType = text.plist.xml; path = Info.plist; sourceTree = "<group>"; };
		8FBEE5E028F072E200601AEB /* CountryPicker */ = {isa = PBXFileReference; lastKnownFileType = wrapper; name = CountryPicker; path = ..; sourceTree = "<group>"; };
/* End PBXFileReference section */

/* Begin PBXFrameworksBuildPhase section */
		8FBEE5C328F0724400601AEB /* Frameworks */ = {
			isa = PBXFrameworksBuildPhase;
			buildActionMask = 2147483647;
			files = (
				8FBEE5E328F0731E00601AEB /* CountryPicker in Frameworks */,
			);
			runOnlyForDeploymentPostprocessing = 0;
		};
/* End PBXFrameworksBuildPhase section */

/* Begin PBXGroup section */
		8FBEE5BD28F0724400601AEB = {
			isa = PBXGroup;
			children = (
				8FBEE5DF28F072E200601AEB /* Packages */,
				8FBEE5C828F0724400601AEB /* Example-iOS */,
				8FBEE5C728F0724400601AEB /* Products */,
				8FBEE5E128F0731E00601AEB /* Frameworks */,
			);
			sourceTree = "<group>";
		};
		8FBEE5C728F0724400601AEB /* Products */ = {
			isa = PBXGroup;
			children = (
				8FBEE5C628F0724400601AEB /* Example-iOS.app */,
			);
			name = Products;
			sourceTree = "<group>";
		};
		8FBEE5C828F0724400601AEB /* Example-iOS */ = {
			isa = PBXGroup;
			children = (
				8FBEE5C928F0724400601AEB /* AppDelegate.swift */,
				8FBEE5CB28F0724400601AEB /* SceneDelegate.swift */,
				8FBEE5CD28F0724400601AEB /* ViewController.swift */,
				8FBEE5CF28F0724400601AEB /* Main.storyboard */,
				8FBEE5D228F0724500601AEB /* Assets.xcassets */,
				8FBEE5D428F0724500601AEB /* LaunchScreen.storyboard */,
				8FBEE5D728F0724500601AEB /* Info.plist */,
			);
			path = "Example-iOS";
			sourceTree = "<group>";
		};
		8FBEE5DF28F072E200601AEB /* Packages */ = {
			isa = PBXGroup;
			children = (
				8FBEE5E028F072E200601AEB /* CountryPicker */,
			);
			name = Packages;
			sourceTree = "<group>";
		};
		8FBEE5E128F0731E00601AEB /* Frameworks */ = {
			isa = PBXGroup;
			children = (
			);
			name = Frameworks;
			sourceTree = "<group>";
		};
/* End PBXGroup section */

/* Begin PBXNativeTarget section */
		8FBEE5C528F0724400601AEB /* Example-iOS */ = {
			isa = PBXNativeTarget;
			buildConfigurationList = 8FBEE5DA28F0724500601AEB /* Build configuration list for PBXNativeTarget "Example-iOS" */;
			buildPhases = (
				8FBEE5C228F0724400601AEB /* Sources */,
				8FBEE5C328F0724400601AEB /* Frameworks */,
				8FBEE5C428F0724400601AEB /* Resources */,
			);
			buildRules = (
			);
			dependencies = (
			);
			name = "Example-iOS";
			packageProductDependencies = (
				8FBEE5E228F0731E00601AEB /* CountryPicker */,
			);
			productName = "Example-iOS";
			productReference = 8FBEE5C628F0724400601AEB /* Example-iOS.app */;
			productType = "com.apple.product-type.application";
		};
/* End PBXNativeTarget section */

/* Begin PBXProject section */
		8FBEE5BE28F0724400601AEB /* Project object */ = {
			isa = PBXProject;
			attributes = {
				BuildIndependentTargetsInParallel = 1;
				LastSwiftUpdateCheck = 1400;
				LastUpgradeCheck = 1400;
				TargetAttributes = {
					8FBEE5C528F0724400601AEB = {
						CreatedOnToolsVersion = 14.0.1;
					};
				};
			};
			buildConfigurationList = 8FBEE5C128F0724400601AEB /* Build configuration list for PBXProject "Example-iOS" */;
			compatibilityVersion = "Xcode 14.0";
			developmentRegion = en;
			hasScannedForEncodings = 0;
			knownRegions = (
				en,
				Base,
			);
			mainGroup = 8FBEE5BD28F0724400601AEB;
			productRefGroup = 8FBEE5C728F0724400601AEB /* Products */;
			projectDirPath = "";
			projectRoot = "";
			targets = (
				8FBEE5C528F0724400601AEB /* Example-iOS */,
			);
		};
/* End PBXProject section */

/* Begin PBXResourcesBuildPhase section */
		8FBEE5C428F0724400601AEB /* Resources */ = {
			isa = PBXResourcesBuildPhase;
			buildActionMask = 2147483647;
			files = (
				8FBEE5D628F0724500601AEB /* LaunchScreen.storyboard in Resources */,
				8FBEE5D328F0724500601AEB /* Assets.xcassets in Resources */,
				8FBEE5D128F0724400601AEB /* Main.storyboard in Resources */,
			);
			runOnlyForDeploymentPostprocessing = 0;
		};
/* End PBXResourcesBuildPhase section */

/* Begin PBXSourcesBuildPhase section */
		8FBEE5C228F0724400601AEB /* Sources */ = {
			isa = PBXSourcesBuildPhase;
			buildActionMask = 2147483647;
			files = (
				8FBEE5CE28F0724400601AEB /* ViewController.swift in Sources */,
				8FBEE5CA28F0724400601AEB /* AppDelegate.swift in Sources */,
				8FBEE5CC28F0724400601AEB /* SceneDelegate.swift in Sources */,
			);
			runOnlyForDeploymentPostprocessing = 0;
		};
/* End PBXSourcesBuildPhase section */

/* Begin PBXVariantGroup section */
		8FBEE5CF28F0724400601AEB /* Main.storyboard */ = {
			isa = PBXVariantGroup;
			children = (
				8FBEE5D028F0724400601AEB /* Base */,
			);
			name = Main.storyboard;
			sourceTree = "<group>";
		};
		8FBEE5D428F0724500601AEB /* LaunchScreen.storyboard */ = {
			isa = PBXVariantGroup;
			children = (
				8FBEE5D528F0724500601AEB /* Base */,
			);
			name = LaunchScreen.storyboard;
			sourceTree = "<group>";
		};
/* End PBXVariantGroup section */

/* Begin XCBuildConfiguration section */
		8FBEE5D828F0724500601AEB /* Debug */ = {
			isa = XCBuildConfiguration;
			buildSettings = {
				ALWAYS_SEARCH_USER_PATHS = NO;
				CLANG_ANALYZER_NONNULL = YES;
				CLANG_ANALYZER_NUMBER_OBJECT_CONVERSION = YES_AGGRESSIVE;
				CLANG_CXX_LANGUAGE_STANDARD = "gnu++20";
				CLANG_ENABLE_MODULES = YES;
				CLANG_ENABLE_OBJC_ARC = YES;
				CLANG_ENABLE_OBJC_WEAK = YES;
				CLANG_WARN_BLOCK_CAPTURE_AUTORELEASING = YES;
				CLANG_WARN_BOOL_CONVERSION = YES;
				CLANG_WARN_COMMA = YES;
				CLANG_WARN_CONSTANT_CONVERSION = YES;
				CLANG_WARN_DEPRECATED_OBJC_IMPLEMENTATIONS = YES;
				CLANG_WARN_DIRECT_OBJC_ISA_USAGE = YES_ERROR;
				CLANG_WARN_DOCUMENTATION_COMMENTS = YES;
				CLANG_WARN_EMPTY_BODY = YES;
				CLANG_WARN_ENUM_CONVERSION = YES;
				CLANG_WARN_INFINITE_RECURSION = YES;
				CLANG_WARN_INT_CONVERSION = YES;
				CLANG_WARN_NON_LITERAL_NULL_CONVERSION = YES;
				CLANG_WARN_OBJC_IMPLICIT_RETAIN_SELF = YES;
				CLANG_WARN_OBJC_LITERAL_CONVERSION = YES;
				CLANG_WARN_OBJC_ROOT_CLASS = YES_ERROR;
				CLANG_WARN_QUOTED_INCLUDE_IN_FRAMEWORK_HEADER = YES;
				CLANG_WARN_RANGE_LOOP_ANALYSIS = YES;
				CLANG_WARN_STRICT_PROTOTYPES = YES;
				CLANG_WARN_SUSPICIOUS_MOVE = YES;
				CLANG_WARN_UNGUARDED_AVAILABILITY = YES_AGGRESSIVE;
				CLANG_WARN_UNREACHABLE_CODE = YES;
				CLANG_WARN__DUPLICATE_METHOD_MATCH = YES;
				COPY_PHASE_STRIP = NO;
				DEBUG_INFORMATION_FORMAT = dwarf;
				ENABLE_STRICT_OBJC_MSGSEND = YES;
				ENABLE_TESTABILITY = YES;
				GCC_C_LANGUAGE_STANDARD = gnu11;
				GCC_DYNAMIC_NO_PIC = NO;
				GCC_NO_COMMON_BLOCKS = YES;
				GCC_OPTIMIZATION_LEVEL = 0;
				GCC_PREPROCESSOR_DEFINITIONS = (
					"DEBUG=1",
					"$(inherited)",
				);
				GCC_WARN_64_TO_32_BIT_CONVERSION = YES;
				GCC_WARN_ABOUT_RETURN_TYPE = YES_ERROR;
				GCC_WARN_UNDECLARED_SELECTOR = YES;
				GCC_WARN_UNINITIALIZED_AUTOS = YES_AGGRESSIVE;
				GCC_WARN_UNUSED_FUNCTION = YES;
				GCC_WARN_UNUSED_VARIABLE = YES;
				IPHONEOS_DEPLOYMENT_TARGET = 16.0;
				MTL_ENABLE_DEBUG_INFO = INCLUDE_SOURCE;
				MTL_FAST_MATH = YES;
				ONLY_ACTIVE_ARCH = YES;
				SDKROOT = iphoneos;
				SWIFT_ACTIVE_COMPILATION_CONDITIONS = DEBUG;
				SWIFT_OPTIMIZATION_LEVEL = "-Onone";
			};
			name = Debug;
		};
		8FBEE5D928F0724500601AEB /* Release */ = {
			isa = XCBuildConfiguration;
			buildSettings = {
				ALWAYS_SEARCH_USER_PATHS = NO;
				CLANG_ANALYZER_NONNULL = YES;
				CLANG_ANALYZER_NUMBER_OBJECT_CONVERSION = YES_AGGRESSIVE;
				CLANG_CXX_LANGUAGE_STANDARD = "gnu++20";
				CLANG_ENABLE_MODULES = YES;
				CLANG_ENABLE_OBJC_ARC = YES;
				CLANG_ENABLE_OBJC_WEAK = YES;
				CLANG_WARN_BLOCK_CAPTURE_AUTORELEASING = YES;
				CLANG_WARN_BOOL_CONVERSION = YES;
				CLANG_WARN_COMMA = YES;
				CLANG_WARN_CONSTANT_CONVERSION = YES;
				CLANG_WARN_DEPRECATED_OBJC_IMPLEMENTATIONS = YES;
				CLANG_WARN_DIRECT_OBJC_ISA_USAGE = YES_ERROR;
				CLANG_WARN_DOCUMENTATION_COMMENTS = YES;
				CLANG_WARN_EMPTY_BODY = YES;
				CLANG_WARN_ENUM_CONVERSION = YES;
				CLANG_WARN_INFINITE_RECURSION = YES;
				CLANG_WARN_INT_CONVERSION = YES;
				CLANG_WARN_NON_LITERAL_NULL_CONVERSION = YES;
				CLANG_WARN_OBJC_IMPLICIT_RETAIN_SELF = YES;
				CLANG_WARN_OBJC_LITERAL_CONVERSION = YES;
				CLANG_WARN_OBJC_ROOT_CLASS = YES_ERROR;
				CLANG_WARN_QUOTED_INCLUDE_IN_FRAMEWORK_HEADER = YES;
				CLANG_WARN_RANGE_LOOP_ANALYSIS = YES;
				CLANG_WARN_STRICT_PROTOTYPES = YES;
				CLANG_WARN_SUSPICIOUS_MOVE = YES;
				CLANG_WARN_UNGUARDED_AVAILABILITY = YES_AGGRESSIVE;
				CLANG_WARN_UNREACHABLE_CODE = YES;
				CLANG_WARN__DUPLICATE_METHOD_MATCH = YES;
				COPY_PHASE_STRIP = NO;
				DEBUG_INFORMATION_FORMAT = "dwarf-with-dsym";
				ENABLE_NS_ASSERTIONS = NO;
				ENABLE_STRICT_OBJC_MSGSEND = YES;
				GCC_C_LANGUAGE_STANDARD = gnu11;
				GCC_NO_COMMON_BLOCKS = YES;
				GCC_WARN_64_TO_32_BIT_CONVERSION = YES;
				GCC_WARN_ABOUT_RETURN_TYPE = YES_ERROR;
				GCC_WARN_UNDECLARED_SELECTOR = YES;
				GCC_WARN_UNINITIALIZED_AUTOS = YES_AGGRESSIVE;
				GCC_WARN_UNUSED_FUNCTION = YES;
				GCC_WARN_UNUSED_VARIABLE = YES;
				IPHONEOS_DEPLOYMENT_TARGET = 16.0;
				MTL_ENABLE_DEBUG_INFO = NO;
				MTL_FAST_MATH = YES;
				SDKROOT = iphoneos;
				SWIFT_COMPILATION_MODE = wholemodule;
				SWIFT_OPTIMIZATION_LEVEL = "-O";
				VALIDATE_PRODUCT = YES;
			};
			name = Release;
		};
		8FBEE5DB28F0724500601AEB /* Debug */ = {
			isa = XCBuildConfiguration;
			buildSettings = {
				ASSETCATALOG_COMPILER_APPICON_NAME = AppIcon;
				ASSETCATALOG_COMPILER_GLOBAL_ACCENT_COLOR_NAME = AccentColor;
				CODE_SIGN_STYLE = Automatic;
				CURRENT_PROJECT_VERSION = 1;
				DEVELOPMENT_TEAM = 55P79G57ZS;
				GENERATE_INFOPLIST_FILE = YES;
				INFOPLIST_FILE = "Example-iOS/Info.plist";
				INFOPLIST_KEY_UIApplicationSupportsIndirectInputEvents = YES;
				INFOPLIST_KEY_UILaunchStoryboardName = LaunchScreen;
				INFOPLIST_KEY_UIMainStoryboardFile = Main;
				INFOPLIST_KEY_UISupportedInterfaceOrientations_iPad = "UIInterfaceOrientationPortrait UIInterfaceOrientationPortraitUpsideDown UIInterfaceOrientationLandscapeLeft UIInterfaceOrientationLandscapeRight";
				INFOPLIST_KEY_UISupportedInterfaceOrientations_iPhone = "UIInterfaceOrientationPortrait UIInterfaceOrientationLandscapeLeft UIInterfaceOrientationLandscapeRight";
				LD_RUNPATH_SEARCH_PATHS = (
					"$(inherited)",
					"@executable_path/Frameworks",
				);
				MARKETING_VERSION = 1.0;
				PRODUCT_BUNDLE_IDENTIFIER = "khawarali5.Example-iOS";
				PRODUCT_NAME = "$(TARGET_NAME)";
				SWIFT_EMIT_LOC_STRINGS = YES;
				SWIFT_VERSION = 5.0;
				TARGETED_DEVICE_FAMILY = "1,2";
			};
			name = Debug;
		};
		8FBEE5DC28F0724500601AEB /* Release */ = {
			isa = XCBuildConfiguration;
			buildSettings = {
				ASSETCATALOG_COMPILER_APPICON_NAME = AppIcon;
				ASSETCATALOG_COMPILER_GLOBAL_ACCENT_COLOR_NAME = AccentColor;
				CODE_SIGN_STYLE = Automatic;
				CURRENT_PROJECT_VERSION = 1;
				DEVELOPMENT_TEAM = 55P79G57ZS;
				GENERATE_INFOPLIST_FILE = YES;
				INFOPLIST_FILE = "Example-iOS/Info.plist";
				INFOPLIST_KEY_UIApplicationSupportsIndirectInputEvents = YES;
				INFOPLIST_KEY_UILaunchStoryboardName = LaunchScreen;
				INFOPLIST_KEY_UIMainStoryboardFile = Main;
				INFOPLIST_KEY_UISupportedInterfaceOrientations_iPad = "UIInterfaceOrientationPortrait UIInterfaceOrientationPortraitUpsideDown UIInterfaceOrientationLandscapeLeft UIInterfaceOrientationLandscapeRight";
				INFOPLIST_KEY_UISupportedInterfaceOrientations_iPhone = "UIInterfaceOrientationPortrait UIInterfaceOrientationLandscapeLeft UIInterfaceOrientationLandscapeRight";
				LD_RUNPATH_SEARCH_PATHS = (
					"$(inherited)",
					"@executable_path/Frameworks",
				);
				MARKETING_VERSION = 1.0;
				PRODUCT_BUNDLE_IDENTIFIER = "khawarali5.Example-iOS";
				PRODUCT_NAME = "$(TARGET_NAME)";
				SWIFT_EMIT_LOC_STRINGS = YES;
				SWIFT_VERSION = 5.0;
				TARGETED_DEVICE_FAMILY = "1,2";
			};
			name = Release;
		};
/* End XCBuildConfiguration section */

/* Begin XCConfigurationList section */
		8FBEE5C128F0724400601AEB /* Build configuration list for PBXProject "Example-iOS" */ = {
			isa = XCConfigurationList;
			buildConfigurations = (
				8FBEE5D828F0724500601AEB /* Debug */,
				8FBEE5D928F0724500601AEB /* Release */,
			);
			defaultConfigurationIsVisible = 0;
			defaultConfigurationName = Release;
		};
		8FBEE5DA28F0724500601AEB /* Build configuration list for PBXNativeTarget "Example-iOS" */ = {
			isa = XCConfigurationList;
			buildConfigurations = (
				8FBEE5DB28F0724500601AEB /* Debug */,
				8FBEE5DC28F0724500601AEB /* Release */,
			);
			defaultConfigurationIsVisible = 0;
			defaultConfigurationName = Release;
		};
/* End XCConfigurationList section */

/* Begin XCSwiftPackageProductDependency section */
		8FBEE5E228F0731E00601AEB /* CountryPicker */ = {
			isa = XCSwiftPackageProductDependency;
			productName = CountryPicker;
		};
/* End XCSwiftPackageProductDependency section */
	};
	rootObject = 8FBEE5BE28F0724400601AEB /* Project object */;
}
